
Microsoft Visual Studio Solution File, Format Version 12.00
Project("{2150E333-8FDC-42A3-9474-1A3956D46DE8}") = "src", "src", "{A119FC85-45FF-49A3-B5FE-0AF4862681E5}"
EndProject
Project("{2150E333-8FDC-42A3-9474-1A3956D46DE8}") = "tests", "tests", "{C0EB890A-260C-493B-9F34-5BC9DBDE4F3E}"
EndProject
Project("{FAE04EC0-301F-11D3-BF4B-00C04F79EFBC}") = "Api", "src\Api\Api.csproj", "{B7DA4D00-0A08-412B-BD95-1F36AD905AFD}"
EndProject
Project("{FAE04EC0-301F-11D3-BF4B-00C04F79EFBC}") = "Application", "src\Application\Application.csproj", "{58DAF6CF-E995-4EA1-BD05-B4244EE40EB3}"
EndProject
Project("{FAE04EC0-301F-11D3-BF4B-00C04F79EFBC}") = "Domain", "src\Domain\Domain.csproj", "{BD7BCBC5-A663-4E84-90BF-B5B96F1DDABD}"
EndProject
Project("{FAE04EC0-301F-11D3-BF4B-00C04F79EFBC}") = "DataAccessLayer", "src\DataAccessLayer\DataAccessLayer.csproj", "{10458352-9759-40B1-ABA2-7858C4ED4F49}"
EndProject
Project("{FAE04EC0-301F-11D3-BF4B-00C04F79EFBC}") = "Api.Tests.Integration", "tests\Api.Tests.Integration\Api.Tests.Integration.csproj", "{50CB6468-BB1B-485D-ADFE-5844274D4436}"
EndProject
Project("{FAE04EC0-301F-11D3-BF4B-00C04F79EFBC}") = "Tests.Common", "tests\Tests.Common\Tests.Common.csproj", "{832892C6-68BF-4B57-97C0-8E1FEEE6FF31}"
EndProject
Project("{FAE04EC0-301F-11D3-BF4B-00C04F79EFBC}") = "Tests.Data", "tests\Tests.Data\Tests.Data.csproj", "{60D3B3F9-D5C1-44B7-AB83-3B96E5F79412}"
EndProject
Project("{2150E333-8FDC-42A3-9474-1A3956D46DE8}") = "Docker", "Docker", "{F77649AE-047B-46B7-9DB6-A6FEF1C46100}"
	ProjectSection(SolutionItems) = preProject
		src\.dockerignore = src\.dockerignore
		src\docker-compose.yml = src\docker-compose.yml
		src\Dockerfile = src\Dockerfile
	EndProjectSection
EndProject
Global
	GlobalSection(SolutionConfigurationPlatforms) = preSolution
		Debug|Any CPU = Debug|Any CPU
		Release|Any CPU = Release|Any CPU
	EndGlobalSection
	GlobalSection(NestedProjects) = preSolution
		{B7DA4D00-0A08-412B-BD95-1F36AD905AFD} = {A119FC85-45FF-49A3-B5FE-0AF4862681E5}
		{58DAF6CF-E995-4EA1-BD05-B4244EE40EB3} = {A119FC85-45FF-49A3-B5FE-0AF4862681E5}
		{BD7BCBC5-A663-4E84-90BF-B5B96F1DDABD} = {A119FC85-45FF-49A3-B5FE-0AF4862681E5}
		{10458352-9759-40B1-ABA2-7858C4ED4F49} = {A119FC85-45FF-49A3-B5FE-0AF4862681E5}
		{50CB6468-BB1B-485D-ADFE-5844274D4436} = {C0EB890A-260C-493B-9F34-5BC9DBDE4F3E}
		{832892C6-68BF-4B57-97C0-8E1FEEE6FF31} = {C0EB890A-260C-493B-9F34-5BC9DBDE4F3E}
		{60D3B3F9-D5C1-44B7-AB83-3B96E5F79412} = {C0EB890A-260C-493B-9F34-5BC9DBDE4F3E}
	EndGlobalSection
	GlobalSection(ProjectConfigurationPlatforms) = postSolution
		{B7DA4D00-0A08-412B-BD95-1F36AD905AFD}.Debug|Any CPU.ActiveCfg = Debug|Any CPU
		{B7DA4D00-0A08-412B-BD95-1F36AD905AFD}.Debug|Any CPU.Build.0 = Debug|Any CPU
		{B7DA4D00-0A08-412B-BD95-1F36AD905AFD}.Release|Any CPU.ActiveCfg = Release|Any CPU
		{B7DA4D00-0A08-412B-BD95-1F36AD905AFD}.Release|Any CPU.Build.0 = Release|Any CPU
		{58DAF6CF-E995-4EA1-BD05-B4244EE40EB3}.Debug|Any CPU.ActiveCfg = Debug|Any CPU
		{58DAF6CF-E995-4EA1-BD05-B4244EE40EB3}.Debug|Any CPU.Build.0 = Debug|Any CPU
		{58DAF6CF-E995-4EA1-BD05-B4244EE40EB3}.Release|Any CPU.ActiveCfg = Release|Any CPU
		{58DAF6CF-E995-4EA1-BD05-B4244EE40EB3}.Release|Any CPU.Build.0 = Release|Any CPU
		{BD7BCBC5-A663-4E84-90BF-B5B96F1DDABD}.Debug|Any CPU.ActiveCfg = Debug|Any CPU
		{BD7BCBC5-A663-4E84-90BF-B5B96F1DDABD}.Debug|Any CPU.Build.0 = Debug|Any CPU
		{BD7BCBC5-A663-4E84-90BF-B5B96F1DDABD}.Release|Any CPU.ActiveCfg = Release|Any CPU
		{BD7BCBC5-A663-4E84-90BF-B5B96F1DDABD}.Release|Any CPU.Build.0 = Release|Any CPU
		{10458352-9759-40B1-ABA2-7858C4ED4F49}.Debug|Any CPU.ActiveCfg = Debug|Any CPU
		{10458352-9759-40B1-ABA2-7858C4ED4F49}.Debug|Any CPU.Build.0 = Debug|Any CPU
		{10458352-9759-40B1-ABA2-7858C4ED4F49}.Release|Any CPU.ActiveCfg = Release|Any CPU
		{10458352-9759-40B1-ABA2-7858C4ED4F49}.Release|Any CPU.Build.0 = Release|Any CPU
		{50CB6468-BB1B-485D-ADFE-5844274D4436}.Debug|Any CPU.ActiveCfg = Debug|Any CPU
		{50CB6468-BB1B-485D-ADFE-5844274D4436}.Debug|Any CPU.Build.0 = Debug|Any CPU
		{50CB6468-BB1B-485D-ADFE-5844274D4436}.Release|Any CPU.ActiveCfg = Release|Any CPU
		{50CB6468-BB1B-485D-ADFE-5844274D4436}.Release|Any CPU.Build.0 = Release|Any CPU
		{832892C6-68BF-4B57-97C0-8E1FEEE6FF31}.Debug|Any CPU.ActiveCfg = Debug|Any CPU
		{832892C6-68BF-4B57-97C0-8E1FEEE6FF31}.Debug|Any CPU.Build.0 = Debug|Any CPU
		{832892C6-68BF-4B57-97C0-8E1FEEE6FF31}.Release|Any CPU.ActiveCfg = Release|Any CPU
		{832892C6-68BF-4B57-97C0-8E1FEEE6FF31}.Release|Any CPU.Build.0 = Release|Any CPU
		{60D3B3F9-D5C1-44B7-AB83-3B96E5F79412}.Debug|Any CPU.ActiveCfg = Debug|Any CPU
		{60D3B3F9-D5C1-44B7-AB83-3B96E5F79412}.Debug|Any CPU.Build.0 = Debug|Any CPU
		{60D3B3F9-D5C1-44B7-AB83-3B96E5F79412}.Release|Any CPU.ActiveCfg = Release|Any CPU
		{60D3B3F9-D5C1-44B7-AB83-3B96E5F79412}.Release|Any CPU.Build.0 = Release|Any CPU
	EndGlobalSection
EndGlobal
